
Microsoft Visual Studio Solution File, Format Version 12.00
# Visual Studio Version 17
VisualStudioVersion = 17.9.34728.123
MinimumVisualStudioVersion = 10.0.40219.1
Project("{FAE04EC0-301F-11D3-BF4B-00C04F79EFBC}") = "SkillAssessmentPlatform.API", "SkillAssessmentPlatform.API\SkillAssessmentPlatform.API.csproj", "{12334A49-B089-4F02-BA81-0F7016466DCB}"
EndProject
Global
	GlobalSection(SolutionConfigurationPlatforms) = preSolution
		Debug|Any CPU = Debug|Any CPU
		Release|Any CPU = Release|Any CPU
	EndGlobalSection
	GlobalSection(ProjectConfigurationPlatforms) = postSolution
		{12334A49-B089-4F02-BA81-0F7016466DCB}.Debug|Any CPU.ActiveCfg = Debug|Any CPU
		{12334A49-B089-4F02-BA81-0F7016466DCB}.Debug|Any CPU.Build.0 = Debug|Any CPU
		{12334A49-B089-4F02-BA81-0F7016466DCB}.Release|Any CPU.ActiveCfg = Release|Any CPU
		{12334A49-B089-4F02-BA81-0F7016466DCB}.Release|Any CPU.Build.0 = Release|Any CPU
	EndGlobalSection
	GlobalSection(SolutionProperties) = preSolution
		HideSolutionNode = FALSE
	EndGlobalSection
	GlobalSection(ExtensibilityGlobals) = postSolution
		SolutionGuid = {6B9E49D8-2D37-4028-9E25-7A70E4AC673C}
	EndGlobalSection
EndGlobal
